
Microsoft Visual Studio Solution File, Format Version 12.00
# Visual Studio Version 17
VisualStudioVersion = 17.4.32804.182
MinimumVisualStudioVersion = 10.0.40219.1
Project("{2150E333-8FDC-42A3-9474-1A3956D46DE8}") = "tests", "tests", "{91DA5C26-9BA6-4FD1-9E72-8CEE2C2F87C3}"
EndProject
Project("{2150E333-8FDC-42A3-9474-1A3956D46DE8}") = "eng", "eng", "{C1DB8DBD-D8AD-402E-8246-4A5E729165E7}"
	ProjectSection(SolutionItems) = preProject
		Directory.Build.props = Directory.Build.props
		Directory.Build.targets = Directory.Build.targets
		global.json = global.json
		NuGet.Config = NuGet.Config
		eng\testing\tests.props = eng\testing\tests.props
		eng\Versions.props = eng\Versions.props
	EndProjectSection
EndProject
Project("{2150E333-8FDC-42A3-9474-1A3956D46DE8}") = "adapters", "adapters", "{07EECBEC-2EF5-4D65-83DB-A45A722F52CE}"
EndProject
Project("{9A19103F-16F7-4668-BE54-9A1E7A4F7556}") = "IoC.Adapter", "src\adapters\Base\IoC.Adapter.csproj", "{AE466C39-5786-4206-B665-938AD6513E74}"
EndProject
Project("{2150E333-8FDC-42A3-9474-1A3956D46DE8}") = "Unity", "Unity", "{F380C933-07E7-4200-833F-3B035734AB52}"
EndProject
Project("{9A19103F-16F7-4668-BE54-9A1E7A4F7556}") = "Unity.v4", "src\adapters\Unity\Unity.v4.csproj", "{4B5A798F-5D08-4BE1-A459-F618D0E2EFBF}"
EndProject
Project("{9A19103F-16F7-4668-BE54-9A1E7A4F7556}") = "Unity.v5", "src\adapters\Unity\Unity.v5.csproj", "{E867EDBA-B625-4B3D-98C3-35159D4D9513}"
EndProject
Project("{2150E333-8FDC-42A3-9474-1A3956D46DE8}") = "benchmarks", "benchmarks", "{0085E48F-CDD3-4DBE-84F5-5CF27922DA45}"
EndProject
Project("{2150E333-8FDC-42A3-9474-1A3956D46DE8}") = "runner", "runner", "{DBF27DE9-BBCF-4D8D-8C59-87461A5E0A8E}"
EndProject
Project("{9A19103F-16F7-4668-BE54-9A1E7A4F7556}") = "Runner", "src\runner\Runner.csproj", "{2C96AB17-6780-43CC-9111-A8C1B6A7E97D}"
EndProject
Project("{9A19103F-16F7-4668-BE54-9A1E7A4F7556}") = "IoC.Benchmarks", "src\benchmarks\IoC.Benchmarks.csproj", "{8C13770E-DF18-4A05-8604-44DE1ED8DAED}"
EndProject
Project("{2150E333-8FDC-42A3-9474-1A3956D46DE8}") = "NoContainer", "NoContainer", "{3DB41FE8-A7E7-41EA-9E62-8E1F4445497E}"
EndProject
Project("{9A19103F-16F7-4668-BE54-9A1E7A4F7556}") = "NoContainer", "src\adapters\NoContainer\NoContainer.csproj", "{0056BB9D-8FDD-4AAE-9B5A-B184992B6A36}"
EndProject
Project("{9A19103F-16F7-4668-BE54-9A1E7A4F7556}") = "IoC.Adapter.Metadata", "src\adapters\Metadata\IoC.Adapter.Metadata.csproj", "{86F1E52B-4398-4377-A2DD-D13C63E4DBB1}"
EndProject
Project("{2150E333-8FDC-42A3-9474-1A3956D46DE8}") = "Containers", "Containers", "{29859E1F-47BF-4529-8FB5-0AD9E28B10E9}"
EndProject
Project("{9A19103F-16F7-4668-BE54-9A1E7A4F7556}") = "IoC.Adapter.Tests", "src\tests\Adapter\IoC.Adapter.Tests.csproj", "{48E1053C-4446-4F07-9662-D291802CF636}"
EndProject
Project("{9A19103F-16F7-4668-BE54-9A1E7A4F7556}") = "IoC.Benchmarks.Tests", "src\tests\Benchmarks\IoC.Benchmarks.Tests.csproj", "{97F3905A-83C0-4945-A744-D09D28398632}"
EndProject
Global
	GlobalSection(SolutionConfigurationPlatforms) = preSolution
		Debug|Any CPU = Debug|Any CPU
		Release|Any CPU = Release|Any CPU
	EndGlobalSection
	GlobalSection(ProjectConfigurationPlatforms) = postSolution
		{AE466C39-5786-4206-B665-938AD6513E74}.Debug|Any CPU.ActiveCfg = Debug|Any CPU
		{AE466C39-5786-4206-B665-938AD6513E74}.Debug|Any CPU.Build.0 = Debug|Any CPU
		{AE466C39-5786-4206-B665-938AD6513E74}.Release|Any CPU.ActiveCfg = Release|Any CPU
		{AE466C39-5786-4206-B665-938AD6513E74}.Release|Any CPU.Build.0 = Release|Any CPU
		{4B5A798F-5D08-4BE1-A459-F618D0E2EFBF}.Debug|Any CPU.ActiveCfg = Debug|Any CPU
		{4B5A798F-5D08-4BE1-A459-F618D0E2EFBF}.Debug|Any CPU.Build.0 = Debug|Any CPU
		{4B5A798F-5D08-4BE1-A459-F618D0E2EFBF}.Release|Any CPU.ActiveCfg = Release|Any CPU
		{4B5A798F-5D08-4BE1-A459-F618D0E2EFBF}.Release|Any CPU.Build.0 = Release|Any CPU
		{E867EDBA-B625-4B3D-98C3-35159D4D9513}.Debug|Any CPU.ActiveCfg = Debug|Any CPU
		{E867EDBA-B625-4B3D-98C3-35159D4D9513}.Debug|Any CPU.Build.0 = Debug|Any CPU
		{E867EDBA-B625-4B3D-98C3-35159D4D9513}.Release|Any CPU.ActiveCfg = Release|Any CPU
		{E867EDBA-B625-4B3D-98C3-35159D4D9513}.Release|Any CPU.Build.0 = Release|Any CPU
		{2C96AB17-6780-43CC-9111-A8C1B6A7E97D}.Debug|Any CPU.ActiveCfg = Debug|Any CPU
		{2C96AB17-6780-43CC-9111-A8C1B6A7E97D}.Debug|Any CPU.Build.0 = Debug|Any CPU
		{2C96AB17-6780-43CC-9111-A8C1B6A7E97D}.Release|Any CPU.ActiveCfg = Release|Any CPU
		{2C96AB17-6780-43CC-9111-A8C1B6A7E97D}.Release|Any CPU.Build.0 = Release|Any CPU
		{8C13770E-DF18-4A05-8604-44DE1ED8DAED}.Debug|Any CPU.ActiveCfg = Debug|Any CPU
		{8C13770E-DF18-4A05-8604-44DE1ED8DAED}.Debug|Any CPU.Build.0 = Debug|Any CPU
		{8C13770E-DF18-4A05-8604-44DE1ED8DAED}.Release|Any CPU.ActiveCfg = Release|Any CPU
		{8C13770E-DF18-4A05-8604-44DE1ED8DAED}.Release|Any CPU.Build.0 = Release|Any CPU
		{0056BB9D-8FDD-4AAE-9B5A-B184992B6A36}.Debug|Any CPU.ActiveCfg = Debug|Any CPU
		{0056BB9D-8FDD-4AAE-9B5A-B184992B6A36}.Debug|Any CPU.Build.0 = Debug|Any CPU
		{0056BB9D-8FDD-4AAE-9B5A-B184992B6A36}.Release|Any CPU.ActiveCfg = Release|Any CPU
		{0056BB9D-8FDD-4AAE-9B5A-B184992B6A36}.Release|Any CPU.Build.0 = Release|Any CPU
		{86F1E52B-4398-4377-A2DD-D13C63E4DBB1}.Debug|Any CPU.ActiveCfg = Debug|Any CPU
		{86F1E52B-4398-4377-A2DD-D13C63E4DBB1}.Debug|Any CPU.Build.0 = Debug|Any CPU
		{86F1E52B-4398-4377-A2DD-D13C63E4DBB1}.Release|Any CPU.ActiveCfg = Release|Any CPU
		{86F1E52B-4398-4377-A2DD-D13C63E4DBB1}.Release|Any CPU.Build.0 = Release|Any CPU
		{48E1053C-4446-4F07-9662-D291802CF636}.Debug|Any CPU.ActiveCfg = Debug|Any CPU
		{48E1053C-4446-4F07-9662-D291802CF636}.Debug|Any CPU.Build.0 = Debug|Any CPU
		{48E1053C-4446-4F07-9662-D291802CF636}.Release|Any CPU.ActiveCfg = Release|Any CPU
		{48E1053C-4446-4F07-9662-D291802CF636}.Release|Any CPU.Build.0 = Release|Any CPU
		{97F3905A-83C0-4945-A744-D09D28398632}.Debug|Any CPU.ActiveCfg = Debug|Any CPU
		{97F3905A-83C0-4945-A744-D09D28398632}.Debug|Any CPU.Build.0 = Debug|Any CPU
		{97F3905A-83C0-4945-A744-D09D28398632}.Release|Any CPU.ActiveCfg = Release|Any CPU
		{97F3905A-83C0-4945-A744-D09D28398632}.Release|Any CPU.Build.0 = Release|Any CPU
	EndGlobalSection
	GlobalSection(SolutionProperties) = preSolution
		HideSolutionNode = FALSE
	EndGlobalSection
	GlobalSection(NestedProjects) = preSolution
		{AE466C39-5786-4206-B665-938AD6513E74} = {07EECBEC-2EF5-4D65-83DB-A45A722F52CE}
		{F380C933-07E7-4200-833F-3B035734AB52} = {29859E1F-47BF-4529-8FB5-0AD9E28B10E9}
		{4B5A798F-5D08-4BE1-A459-F618D0E2EFBF} = {F380C933-07E7-4200-833F-3B035734AB52}
		{E867EDBA-B625-4B3D-98C3-35159D4D9513} = {F380C933-07E7-4200-833F-3B035734AB52}
		{2C96AB17-6780-43CC-9111-A8C1B6A7E97D} = {DBF27DE9-BBCF-4D8D-8C59-87461A5E0A8E}
		{8C13770E-DF18-4A05-8604-44DE1ED8DAED} = {0085E48F-CDD3-4DBE-84F5-5CF27922DA45}
		{3DB41FE8-A7E7-41EA-9E62-8E1F4445497E} = {29859E1F-47BF-4529-8FB5-0AD9E28B10E9}
		{0056BB9D-8FDD-4AAE-9B5A-B184992B6A36} = {3DB41FE8-A7E7-41EA-9E62-8E1F4445497E}
		{86F1E52B-4398-4377-A2DD-D13C63E4DBB1} = {07EECBEC-2EF5-4D65-83DB-A45A722F52CE}
		{29859E1F-47BF-4529-8FB5-0AD9E28B10E9} = {07EECBEC-2EF5-4D65-83DB-A45A722F52CE}
		{48E1053C-4446-4F07-9662-D291802CF636} = {91DA5C26-9BA6-4FD1-9E72-8CEE2C2F87C3}
		{97F3905A-83C0-4945-A744-D09D28398632} = {91DA5C26-9BA6-4FD1-9E72-8CEE2C2F87C3}
	EndGlobalSection
	GlobalSection(ExtensibilityGlobals) = postSolution
		SolutionGuid = {534F46D5-B23B-4C12-B540-DAA035A83249}
	EndGlobalSection
EndGlobal
