
Microsoft Visual Studio Solution File, Format Version 12.00
# Visual Studio Version 17
VisualStudioVersion = 17.4.32804.182
MinimumVisualStudioVersion = 10.0.40219.1
Project("{2150E333-8FDC-42A3-9474-1A3956D46DE8}") = "tests", "tests", "{91DA5C26-9BA6-4FD1-9E72-8CEE2C2F87C3}"
EndProject
Project("{2150E333-8FDC-42A3-9474-1A3956D46DE8}") = "eng", "eng", "{C1DB8DBD-D8AD-402E-8246-4A5E729165E7}"
	ProjectSection(SolutionItems) = preProject
		Directory.Build.props = Directory.Build.props
		Directory.Build.targets = Directory.Build.targets
		global.json = global.json
		NuGet.Config = NuGet.Config
		eng\testing\tests.props = eng\testing\tests.props
		eng\Versions.props = eng\Versions.props
	EndProjectSection
EndProject
Project("{2150E333-8FDC-42A3-9474-1A3956D46DE8}") = "adapters", "adapters", "{07EECBEC-2EF5-4D65-83DB-A45A722F52CE}"
EndProject
Project("{9A19103F-16F7-4668-BE54-9A1E7A4F7556}") = "IoC.Adapter", "src\adapters\Base\IoC.Adapter.csproj", "{AE466C39-5786-4206-B665-938AD6513E74}"
EndProject
Project("{2150E333-8FDC-42A3-9474-1A3956D46DE8}") = "Unity", "Unity", "{F380C933-07E7-4200-833F-3B035734AB52}"
EndProject
Project("{9A19103F-16F7-4668-BE54-9A1E7A4F7556}") = "Unity.v4", "src\adapters\Unity\Unity.v4.csproj", "{4B5A798F-5D08-4BE1-A459-F618D0E2EFBF}"
EndProject
Project("{9A19103F-16F7-4668-BE54-9A1E7A4F7556}") = "Unity.v5", "src\adapters\Unity\Unity.v5.csproj", "{E867EDBA-B625-4B3D-98C3-35159D4D9513}"
EndProject
Project("{2150E333-8FDC-42A3-9474-1A3956D46DE8}") = "benchmarks", "benchmarks", "{0085E48F-CDD3-4DBE-84F5-5CF27922DA45}"
EndProject
Project("{2150E333-8FDC-42A3-9474-1A3956D46DE8}") = "runner", "runner", "{DBF27DE9-BBCF-4D8D-8C59-87461A5E0A8E}"
EndProject
Project("{9A19103F-16F7-4668-BE54-9A1E7A4F7556}") = "Runner", "src\runner\Runner.csproj", "{2C96AB17-6780-43CC-9111-A8C1B6A7E97D}"
EndProject
Project("{9A19103F-16F7-4668-BE54-9A1E7A4F7556}") = "IoC.Benchmarks", "src\benchmarks\IoC.Benchmarks.csproj", "{8C13770E-DF18-4A05-8604-44DE1ED8DAED}"
EndProject
Project("{9A19103F-16F7-4668-BE54-9A1E7A4F7556}") = "IoC.Adapter.Metadata", "src\adapters\Metadata\IoC.Adapter.Metadata.csproj", "{86F1E52B-4398-4377-A2DD-D13C63E4DBB1}"
EndProject
Project("{2150E333-8FDC-42A3-9474-1A3956D46DE8}") = "Containers", "Containers", "{29859E1F-47BF-4529-8FB5-0AD9E28B10E9}"
EndProject
Project("{9A19103F-16F7-4668-BE54-9A1E7A4F7556}") = "IoC.Adapter.Tests", "src\tests\Adapter\IoC.Adapter.Tests.csproj", "{48E1053C-4446-4F07-9662-D291802CF636}"
EndProject
Project("{9A19103F-16F7-4668-BE54-9A1E7A4F7556}") = "IoC.Benchmarks.Tests", "src\tests\Benchmarks\IoC.Benchmarks.Tests.csproj", "{97F3905A-83C0-4945-A744-D09D28398632}"
EndProject
Project("{2150E333-8FDC-42A3-9474-1A3956D46DE8}") = "Microsoft", "Microsoft", "{E8143380-87B9-4097-840E-E84F8642E3C6}"
EndProject
Project("{2150E333-8FDC-42A3-9474-1A3956D46DE8}") = "System.ComponentModel", "System.ComponentModel", "{A9094B06-6831-456E-87A1-C8E4DD1A3379}"
EndProject
Project("{9A19103F-16F7-4668-BE54-9A1E7A4F7556}") = "MEF.v7", "src\adapters\Microsoft\System.ComponentModel\MEF.v7.csproj", "{FE51468E-A833-451D-A0BE-5F5DDE1AF55A}"
EndProject
Project("{2150E333-8FDC-42A3-9474-1A3956D46DE8}") = "System.Composition", "System.Composition", "{5360D23A-AFDC-44E3-BD08-8080CC2E9F53}"
EndProject
Project("{9A19103F-16F7-4668-BE54-9A1E7A4F7556}") = "MEF2.v7", "src\adapters\Microsoft\System.Composition\MEF2.v7.csproj", "{D78A2158-2B31-4034-9885-064E1B67AA4D}"
EndProject
Project("{2150E333-8FDC-42A3-9474-1A3956D46DE8}") = "Visual.Studio.MEF", "Visual.Studio.MEF", "{50D24D18-65DC-4EFE-BD1B-B575893705BF}"
EndProject
Project("{9A19103F-16F7-4668-BE54-9A1E7A4F7556}") = "VS_MEF.v17", "src\adapters\Microsoft\vs-mef\VS_MEF.v17.csproj", "{EE529408-6DBA-4EBE-9FC0-E8A0549827E7}"
EndProject
Project("{2150E333-8FDC-42A3-9474-1A3956D46DE8}") = "DependencyInjection", "DependencyInjection", "{34C9E129-1FAC-4D92-95F7-592CAA1EAF6C}"
EndProject
Project("{9A19103F-16F7-4668-BE54-9A1E7A4F7556}") = "DotNet.v7", "src\adapters\Microsoft\Dependency.Injection\DotNet.v7.csproj", "{38E24BE2-E023-43A0-A2CE-75C61368135F}"
EndProject
Project("{2150E333-8FDC-42A3-9474-1A3956D46DE8}") = "Autofac", "Autofac", "{4E2F3254-52A2-41BE-AA92-805CBE1400EC}"
EndProject
Project("{9A19103F-16F7-4668-BE54-9A1E7A4F7556}") = "Autofac.v7", "src\adapters\Autofac\Autofac.v7.csproj", "{0E3CE6F7-DC61-4C2D-8CA6-6B1F5F49CE42}"
EndProject
Global
	GlobalSection(SolutionConfigurationPlatforms) = preSolution
		Debug|Any CPU = Debug|Any CPU
		Release|Any CPU = Release|Any CPU
	EndGlobalSection
	GlobalSection(ProjectConfigurationPlatforms) = postSolution
		{AE466C39-5786-4206-B665-938AD6513E74}.Debug|Any CPU.ActiveCfg = Debug|Any CPU
		{AE466C39-5786-4206-B665-938AD6513E74}.Debug|Any CPU.Build.0 = Debug|Any CPU
		{AE466C39-5786-4206-B665-938AD6513E74}.Release|Any CPU.ActiveCfg = Release|Any CPU
		{AE466C39-5786-4206-B665-938AD6513E74}.Release|Any CPU.Build.0 = Release|Any CPU
		{4B5A798F-5D08-4BE1-A459-F618D0E2EFBF}.Debug|Any CPU.ActiveCfg = Debug|Any CPU
		{4B5A798F-5D08-4BE1-A459-F618D0E2EFBF}.Debug|Any CPU.Build.0 = Debug|Any CPU
		{4B5A798F-5D08-4BE1-A459-F618D0E2EFBF}.Release|Any CPU.ActiveCfg = Release|Any CPU
		{4B5A798F-5D08-4BE1-A459-F618D0E2EFBF}.Release|Any CPU.Build.0 = Release|Any CPU
		{E867EDBA-B625-4B3D-98C3-35159D4D9513}.Debug|Any CPU.ActiveCfg = Debug|Any CPU
		{E867EDBA-B625-4B3D-98C3-35159D4D9513}.Debug|Any CPU.Build.0 = Debug|Any CPU
		{E867EDBA-B625-4B3D-98C3-35159D4D9513}.Release|Any CPU.ActiveCfg = Release|Any CPU
		{E867EDBA-B625-4B3D-98C3-35159D4D9513}.Release|Any CPU.Build.0 = Release|Any CPU
		{2C96AB17-6780-43CC-9111-A8C1B6A7E97D}.Debug|Any CPU.ActiveCfg = Debug|Any CPU
		{2C96AB17-6780-43CC-9111-A8C1B6A7E97D}.Debug|Any CPU.Build.0 = Debug|Any CPU
		{2C96AB17-6780-43CC-9111-A8C1B6A7E97D}.Release|Any CPU.ActiveCfg = Release|Any CPU
		{2C96AB17-6780-43CC-9111-A8C1B6A7E97D}.Release|Any CPU.Build.0 = Release|Any CPU
		{8C13770E-DF18-4A05-8604-44DE1ED8DAED}.Debug|Any CPU.ActiveCfg = Debug|Any CPU
		{8C13770E-DF18-4A05-8604-44DE1ED8DAED}.Debug|Any CPU.Build.0 = Debug|Any CPU
		{8C13770E-DF18-4A05-8604-44DE1ED8DAED}.Release|Any CPU.ActiveCfg = Release|Any CPU
		{8C13770E-DF18-4A05-8604-44DE1ED8DAED}.Release|Any CPU.Build.0 = Release|Any CPU
		{86F1E52B-4398-4377-A2DD-D13C63E4DBB1}.Debug|Any CPU.ActiveCfg = Debug|Any CPU
		{86F1E52B-4398-4377-A2DD-D13C63E4DBB1}.Debug|Any CPU.Build.0 = Debug|Any CPU
		{86F1E52B-4398-4377-A2DD-D13C63E4DBB1}.Release|Any CPU.ActiveCfg = Release|Any CPU
		{86F1E52B-4398-4377-A2DD-D13C63E4DBB1}.Release|Any CPU.Build.0 = Release|Any CPU
		{48E1053C-4446-4F07-9662-D291802CF636}.Debug|Any CPU.ActiveCfg = Debug|Any CPU
		{48E1053C-4446-4F07-9662-D291802CF636}.Debug|Any CPU.Build.0 = Debug|Any CPU
		{48E1053C-4446-4F07-9662-D291802CF636}.Release|Any CPU.ActiveCfg = Release|Any CPU
		{48E1053C-4446-4F07-9662-D291802CF636}.Release|Any CPU.Build.0 = Release|Any CPU
		{97F3905A-83C0-4945-A744-D09D28398632}.Debug|Any CPU.ActiveCfg = Debug|Any CPU
		{97F3905A-83C0-4945-A744-D09D28398632}.Debug|Any CPU.Build.0 = Debug|Any CPU
		{97F3905A-83C0-4945-A744-D09D28398632}.Release|Any CPU.ActiveCfg = Release|Any CPU
		{97F3905A-83C0-4945-A744-D09D28398632}.Release|Any CPU.Build.0 = Release|Any CPU
		{FE51468E-A833-451D-A0BE-5F5DDE1AF55A}.Debug|Any CPU.ActiveCfg = Debug|Any CPU
		{FE51468E-A833-451D-A0BE-5F5DDE1AF55A}.Debug|Any CPU.Build.0 = Debug|Any CPU
		{FE51468E-A833-451D-A0BE-5F5DDE1AF55A}.Release|Any CPU.ActiveCfg = Release|Any CPU
		{FE51468E-A833-451D-A0BE-5F5DDE1AF55A}.Release|Any CPU.Build.0 = Release|Any CPU
		{D78A2158-2B31-4034-9885-064E1B67AA4D}.Debug|Any CPU.ActiveCfg = Debug|Any CPU
		{D78A2158-2B31-4034-9885-064E1B67AA4D}.Debug|Any CPU.Build.0 = Debug|Any CPU
		{D78A2158-2B31-4034-9885-064E1B67AA4D}.Release|Any CPU.ActiveCfg = Release|Any CPU
		{D78A2158-2B31-4034-9885-064E1B67AA4D}.Release|Any CPU.Build.0 = Release|Any CPU
		{EE529408-6DBA-4EBE-9FC0-E8A0549827E7}.Debug|Any CPU.ActiveCfg = Debug|Any CPU
		{EE529408-6DBA-4EBE-9FC0-E8A0549827E7}.Debug|Any CPU.Build.0 = Debug|Any CPU
		{EE529408-6DBA-4EBE-9FC0-E8A0549827E7}.Release|Any CPU.ActiveCfg = Release|Any CPU
		{EE529408-6DBA-4EBE-9FC0-E8A0549827E7}.Release|Any CPU.Build.0 = Release|Any CPU
		{38E24BE2-E023-43A0-A2CE-75C61368135F}.Debug|Any CPU.ActiveCfg = Debug|Any CPU
		{38E24BE2-E023-43A0-A2CE-75C61368135F}.Debug|Any CPU.Build.0 = Debug|Any CPU
		{38E24BE2-E023-43A0-A2CE-75C61368135F}.Release|Any CPU.ActiveCfg = Release|Any CPU
		{38E24BE2-E023-43A0-A2CE-75C61368135F}.Release|Any CPU.Build.0 = Release|Any CPU
		{0E3CE6F7-DC61-4C2D-8CA6-6B1F5F49CE42}.Debug|Any CPU.ActiveCfg = Debug|Any CPU
		{0E3CE6F7-DC61-4C2D-8CA6-6B1F5F49CE42}.Debug|Any CPU.Build.0 = Debug|Any CPU
		{0E3CE6F7-DC61-4C2D-8CA6-6B1F5F49CE42}.Release|Any CPU.ActiveCfg = Release|Any CPU
		{0E3CE6F7-DC61-4C2D-8CA6-6B1F5F49CE42}.Release|Any CPU.Build.0 = Release|Any CPU
	EndGlobalSection
	GlobalSection(SolutionProperties) = preSolution
		HideSolutionNode = FALSE
	EndGlobalSection
	GlobalSection(NestedProjects) = preSolution
		{AE466C39-5786-4206-B665-938AD6513E74} = {07EECBEC-2EF5-4D65-83DB-A45A722F52CE}
		{F380C933-07E7-4200-833F-3B035734AB52} = {29859E1F-47BF-4529-8FB5-0AD9E28B10E9}
		{4B5A798F-5D08-4BE1-A459-F618D0E2EFBF} = {F380C933-07E7-4200-833F-3B035734AB52}
		{E867EDBA-B625-4B3D-98C3-35159D4D9513} = {F380C933-07E7-4200-833F-3B035734AB52}
		{2C96AB17-6780-43CC-9111-A8C1B6A7E97D} = {DBF27DE9-BBCF-4D8D-8C59-87461A5E0A8E}
		{8C13770E-DF18-4A05-8604-44DE1ED8DAED} = {0085E48F-CDD3-4DBE-84F5-5CF27922DA45}
		{86F1E52B-4398-4377-A2DD-D13C63E4DBB1} = {07EECBEC-2EF5-4D65-83DB-A45A722F52CE}
		{29859E1F-47BF-4529-8FB5-0AD9E28B10E9} = {07EECBEC-2EF5-4D65-83DB-A45A722F52CE}
		{48E1053C-4446-4F07-9662-D291802CF636} = {91DA5C26-9BA6-4FD1-9E72-8CEE2C2F87C3}
		{97F3905A-83C0-4945-A744-D09D28398632} = {91DA5C26-9BA6-4FD1-9E72-8CEE2C2F87C3}
		{E8143380-87B9-4097-840E-E84F8642E3C6} = {29859E1F-47BF-4529-8FB5-0AD9E28B10E9}
		{A9094B06-6831-456E-87A1-C8E4DD1A3379} = {E8143380-87B9-4097-840E-E84F8642E3C6}
		{FE51468E-A833-451D-A0BE-5F5DDE1AF55A} = {A9094B06-6831-456E-87A1-C8E4DD1A3379}
		{5360D23A-AFDC-44E3-BD08-8080CC2E9F53} = {E8143380-87B9-4097-840E-E84F8642E3C6}
		{D78A2158-2B31-4034-9885-064E1B67AA4D} = {5360D23A-AFDC-44E3-BD08-8080CC2E9F53}
		{50D24D18-65DC-4EFE-BD1B-B575893705BF} = {E8143380-87B9-4097-840E-E84F8642E3C6}
		{EE529408-6DBA-4EBE-9FC0-E8A0549827E7} = {50D24D18-65DC-4EFE-BD1B-B575893705BF}
		{34C9E129-1FAC-4D92-95F7-592CAA1EAF6C} = {E8143380-87B9-4097-840E-E84F8642E3C6}
		{38E24BE2-E023-43A0-A2CE-75C61368135F} = {34C9E129-1FAC-4D92-95F7-592CAA1EAF6C}
		{4E2F3254-52A2-41BE-AA92-805CBE1400EC} = {29859E1F-47BF-4529-8FB5-0AD9E28B10E9}
		{0E3CE6F7-DC61-4C2D-8CA6-6B1F5F49CE42} = {4E2F3254-52A2-41BE-AA92-805CBE1400EC}
	EndGlobalSection
	GlobalSection(ExtensibilityGlobals) = postSolution
		SolutionGuid = {534F46D5-B23B-4C12-B540-DAA035A83249}
	EndGlobalSection
EndGlobal
